
Microsoft Visual Studio Solution File, Format Version 12.00
# Visual Studio 15
VisualStudioVersion = 15.0.28307.329
MinimumVisualStudioVersion = 10.0.40219.1
Project("{FAE04EC0-301F-11D3-BF4B-00C04F79EFBC}") = "MazeGame 2.0", "MazeGame 2.0\MazeGame 2.0.csproj", "{8E1B33C7-40D1-4D4F-BF7E-F90A54ADB441}"
EndProject
Global
	GlobalSection(SolutionConfigurationPlatforms) = preSolution
		Debug|Any CPU = Debug|Any CPU
		Release|Any CPU = Release|Any CPU
	EndGlobalSection
	GlobalSection(ProjectConfigurationPlatforms) = postSolution
		{8E1B33C7-40D1-4D4F-BF7E-F90A54ADB441}.Debug|Any CPU.ActiveCfg = Debug|Any CPU
		{8E1B33C7-40D1-4D4F-BF7E-F90A54ADB441}.Debug|Any CPU.Build.0 = Debug|Any CPU
		{8E1B33C7-40D1-4D4F-BF7E-F90A54ADB441}.Release|Any CPU.ActiveCfg = Release|Any CPU
		{8E1B33C7-40D1-4D4F-BF7E-F90A54ADB441}.Release|Any CPU.Build.0 = Release|Any CPU
	EndGlobalSection
	GlobalSection(SolutionProperties) = preSolution
		HideSolutionNode = FALSE
	EndGlobalSection
	GlobalSection(ExtensibilityGlobals) = postSolution
		SolutionGuid = {BD7396DF-15BA-4F9C-8101-DDE9DD31846E}
	EndGlobalSection
EndGlobal
